<Solution>
    <Folder Name="/Solution Items/">
        <File Path=".gitattributes" />
        <File Path=".gitignore" />
        <File Path=".github/workflows/Cogito.AspNet.yml" />
        <File Path="Cogito.AspNet.dist.msbuildproj" />
        <File Path="Directory.Build.props" />
        <File Path="Directory.Build.targets" />
        <File Path="GitVersion.yml" />
        <File Path="global.json" />
        <File Path="README.md" />
    </Folder>
    <Folder Name="/dist/">
        <Project Path="src/dist-nuget/dist-nuget.csproj" />
        <Project Path="src/dist-tests/dist-tests.csproj" />
    </Folder>
    <Project Path="src/Cogito.AspNet.MSBuild/Cogito.AspNet.MSBuild.csproj" />
    <Project Path="src/Cogito.AspNet.MSBuild.Tasks/Cogito.AspNet.MSBuild.Tasks.csproj" />
    <Project Path="src/Cogito.AspNet.MSBuild.Tasks.Test/Cogito.AspNet.MSBuild.Tasks.Test.csproj" />
</Solution>
